
Microsoft Visual Studio Solution File, Format Version 12.00
# Visual Studio Version 17
VisualStudioVersion = 17.4.33110.190
MinimumVisualStudioVersion = 10.0.40219.1
Project("{FAE04EC0-301F-11D3-BF4B-00C04F79EFBC}") = "BulkyBookWeb", "BulkyBooks\BulkyBookWeb.csproj", "{22EC44ED-03BF-4749-99C5-1A58B64E04D8}"
EndProject
Global
	GlobalSection(SolutionConfigurationPlatforms) = preSolution
		Debug|Any CPU = Debug|Any CPU
		Release|Any CPU = Release|Any CPU
	EndGlobalSection
	GlobalSection(ProjectConfigurationPlatforms) = postSolution
		{22EC44ED-03BF-4749-99C5-1A58B64E04D8}.Debug|Any CPU.ActiveCfg = Debug|Any CPU
		{22EC44ED-03BF-4749-99C5-1A58B64E04D8}.Debug|Any CPU.Build.0 = Debug|Any CPU
		{22EC44ED-03BF-4749-99C5-1A58B64E04D8}.Release|Any CPU.ActiveCfg = Release|Any CPU
		{22EC44ED-03BF-4749-99C5-1A58B64E04D8}.Release|Any CPU.Build.0 = Release|Any CPU
	EndGlobalSection
	GlobalSection(SolutionProperties) = preSolution
		HideSolutionNode = FALSE
	EndGlobalSection
	GlobalSection(ExtensibilityGlobals) = postSolution
		SolutionGuid = {D748C98C-E96F-4963-A262-03D34C83E845}
	EndGlobalSection
EndGlobal
